
Microsoft Visual Studio Solution File, Format Version 12.00
# Visual Studio Version 17
VisualStudioVersion = 17.1.32228.430
MinimumVisualStudioVersion = 10.0.40219.1
Project("{FAE04EC0-301F-11D3-BF4B-00C04F79EFBC}") = "MonoRank", "MonoRank\MonoRank.csproj", "{9E49290C-5554-401B-B01A-788C17ADC64A}"
EndProject
Global
	GlobalSection(SolutionConfigurationPlatforms) = preSolution
		Debug|Any CPU = Debug|Any CPU
		Release|Any CPU = Release|Any CPU
	EndGlobalSection
	GlobalSection(ProjectConfigurationPlatforms) = postSolution
		{9E49290C-5554-401B-B01A-788C17ADC64A}.Debug|Any CPU.ActiveCfg = Debug|Any CPU
		{9E49290C-5554-401B-B01A-788C17ADC64A}.Debug|Any CPU.Build.0 = Debug|Any CPU
		{9E49290C-5554-401B-B01A-788C17ADC64A}.Release|Any CPU.ActiveCfg = Release|Any CPU
		{9E49290C-5554-401B-B01A-788C17ADC64A}.Release|Any CPU.Build.0 = Release|Any CPU
	EndGlobalSection
	GlobalSection(SolutionProperties) = preSolution
		HideSolutionNode = FALSE
	EndGlobalSection
	GlobalSection(ExtensibilityGlobals) = postSolution
		SolutionGuid = {E55BFEF5-3940-4EB8-977A-4A5976BFDB3A}
	EndGlobalSection
EndGlobal
